
Microsoft Visual Studio Solution File, Format Version 12.00
# Visual Studio Version 16
VisualStudioVersion = 16.0.31624.102
MinimumVisualStudioVersion = 10.0.40219.1
Project("{9A19103F-16F7-4668-BE54-9A1E7A4F7556}") = "BookswagonProject", "BookswagonProject\BookswagonProject.csproj", "{D800D3C3-CAC1-4053-A510-AD826007F17E}"
EndProject
Global
	GlobalSection(SolutionConfigurationPlatforms) = preSolution
		Debug|Any CPU = Debug|Any CPU
		Release|Any CPU = Release|Any CPU
	EndGlobalSection
	GlobalSection(ProjectConfigurationPlatforms) = postSolution
		{D800D3C3-CAC1-4053-A510-AD826007F17E}.Debug|Any CPU.ActiveCfg = Debug|Any CPU
		{D800D3C3-CAC1-4053-A510-AD826007F17E}.Debug|Any CPU.Build.0 = Debug|Any CPU
		{D800D3C3-CAC1-4053-A510-AD826007F17E}.Release|Any CPU.ActiveCfg = Release|Any CPU
		{D800D3C3-CAC1-4053-A510-AD826007F17E}.Release|Any CPU.Build.0 = Release|Any CPU
	EndGlobalSection
	GlobalSection(SolutionProperties) = preSolution
		HideSolutionNode = FALSE
	EndGlobalSection
	GlobalSection(ExtensibilityGlobals) = postSolution
		SolutionGuid = {5CA5C5DC-73FF-4FAD-8C1F-D5B7C82FD9DE}
	EndGlobalSection
EndGlobal
